
Microsoft Visual Studio Solution File, Format Version 12.00
# Visual Studio 15
VisualStudioVersion = 15.0.26124.0
MinimumVisualStudioVersion = 15.0.26124.0
Project("{2150E333-8FDC-42A3-9474-1A3956D46DE8}") = "src", "src", "{3A3ED3EE-4685-448C-86CC-51A35CD2400D}"
EndProject
Project("{2150E333-8FDC-42A3-9474-1A3956D46DE8}") = "tests", "tests", "{507FFE44-5D24-48B9-9ECC-868075CC625D}"
EndProject
Project("{FAE04EC0-301F-11D3-BF4B-00C04F79EFBC}") = "LoxNET.Transport", "src\LoxNET.Transport\LoxNET.Transport.csproj", "{CCABD149-0B3E-46C9-B26E-76018A08D8A8}"
EndProject
Project("{FAE04EC0-301F-11D3-BF4B-00C04F79EFBC}") = "LoxNET.Transport.Connection", "src\LoxNET.Transport.Connection\LoxNET.Transport.Connection.csproj", "{B0F54642-B4F3-43C3-9695-BB3A358DBA28}"
EndProject
Project("{FAE04EC0-301F-11D3-BF4B-00C04F79EFBC}") = "LoxNET.Transport.Tests", "tests\LoxNET.Transport.Tests\LoxNET.Transport.Tests.csproj", "{197A564A-81DE-4CAF-9E42-FD72317576DD}"
EndProject
Project("{FAE04EC0-301F-11D3-BF4B-00C04F79EFBC}") = "LoxNET.CLI", "src\LoxNET.CLI\LoxNET.CLI.csproj", "{1475EE65-B71D-4517-8AA5-8B8AA43DB741}"
EndProject
Project("{FAE04EC0-301F-11D3-BF4B-00C04F79EFBC}") = "LoxNET.Common", "src\LoxNET.Common\LoxNET.Common.csproj", "{15ADEFCB-D775-446C-A2F5-FC3ECE1D8ED4}"
EndProject
Project("{FAE04EC0-301F-11D3-BF4B-00C04F79EFBC}") = "LoxNET.Transport.Connection.Tests", "tests\LoxNET.Transport.Connection.Tests\LoxNET.Transport.Connection.Tests.csproj", "{6619CE61-92BB-495A-8A89-BCBD13248251}"
EndProject
Global
	GlobalSection(SolutionConfigurationPlatforms) = preSolution
		Debug|Any CPU = Debug|Any CPU
		Debug|x64 = Debug|x64
		Debug|x86 = Debug|x86
		Release|Any CPU = Release|Any CPU
		Release|x64 = Release|x64
		Release|x86 = Release|x86
	EndGlobalSection
	GlobalSection(SolutionProperties) = preSolution
		HideSolutionNode = FALSE
	EndGlobalSection
	GlobalSection(ProjectConfigurationPlatforms) = postSolution
		{CCABD149-0B3E-46C9-B26E-76018A08D8A8}.Debug|Any CPU.ActiveCfg = Debug|Any CPU
		{CCABD149-0B3E-46C9-B26E-76018A08D8A8}.Debug|Any CPU.Build.0 = Debug|Any CPU
		{CCABD149-0B3E-46C9-B26E-76018A08D8A8}.Debug|x64.ActiveCfg = Debug|x64
		{CCABD149-0B3E-46C9-B26E-76018A08D8A8}.Debug|x64.Build.0 = Debug|x64
		{CCABD149-0B3E-46C9-B26E-76018A08D8A8}.Debug|x86.ActiveCfg = Debug|x86
		{CCABD149-0B3E-46C9-B26E-76018A08D8A8}.Debug|x86.Build.0 = Debug|x86
		{CCABD149-0B3E-46C9-B26E-76018A08D8A8}.Release|Any CPU.ActiveCfg = Release|Any CPU
		{CCABD149-0B3E-46C9-B26E-76018A08D8A8}.Release|Any CPU.Build.0 = Release|Any CPU
		{CCABD149-0B3E-46C9-B26E-76018A08D8A8}.Release|x64.ActiveCfg = Release|x64
		{CCABD149-0B3E-46C9-B26E-76018A08D8A8}.Release|x64.Build.0 = Release|x64
		{CCABD149-0B3E-46C9-B26E-76018A08D8A8}.Release|x86.ActiveCfg = Release|x86
		{CCABD149-0B3E-46C9-B26E-76018A08D8A8}.Release|x86.Build.0 = Release|x86
		{197A564A-81DE-4CAF-9E42-FD72317576DD}.Debug|Any CPU.ActiveCfg = Debug|Any CPU
		{197A564A-81DE-4CAF-9E42-FD72317576DD}.Debug|Any CPU.Build.0 = Debug|Any CPU
		{197A564A-81DE-4CAF-9E42-FD72317576DD}.Debug|x64.ActiveCfg = Debug|x64
		{197A564A-81DE-4CAF-9E42-FD72317576DD}.Debug|x64.Build.0 = Debug|x64
		{197A564A-81DE-4CAF-9E42-FD72317576DD}.Debug|x86.ActiveCfg = Debug|x86
		{197A564A-81DE-4CAF-9E42-FD72317576DD}.Debug|x86.Build.0 = Debug|x86
		{197A564A-81DE-4CAF-9E42-FD72317576DD}.Release|Any CPU.ActiveCfg = Release|Any CPU
		{197A564A-81DE-4CAF-9E42-FD72317576DD}.Release|Any CPU.Build.0 = Release|Any CPU
		{197A564A-81DE-4CAF-9E42-FD72317576DD}.Release|x64.ActiveCfg = Release|x64
		{197A564A-81DE-4CAF-9E42-FD72317576DD}.Release|x64.Build.0 = Release|x64
		{197A564A-81DE-4CAF-9E42-FD72317576DD}.Release|x86.ActiveCfg = Release|x86
		{197A564A-81DE-4CAF-9E42-FD72317576DD}.Release|x86.Build.0 = Release|x86
		{1475EE65-B71D-4517-8AA5-8B8AA43DB741}.Debug|Any CPU.ActiveCfg = Debug|Any CPU
		{1475EE65-B71D-4517-8AA5-8B8AA43DB741}.Debug|Any CPU.Build.0 = Debug|Any CPU
		{1475EE65-B71D-4517-8AA5-8B8AA43DB741}.Debug|x64.ActiveCfg = Debug|x64
		{1475EE65-B71D-4517-8AA5-8B8AA43DB741}.Debug|x64.Build.0 = Debug|x64
		{1475EE65-B71D-4517-8AA5-8B8AA43DB741}.Debug|x86.ActiveCfg = Debug|x86
		{1475EE65-B71D-4517-8AA5-8B8AA43DB741}.Debug|x86.Build.0 = Debug|x86
		{1475EE65-B71D-4517-8AA5-8B8AA43DB741}.Release|Any CPU.ActiveCfg = Release|Any CPU
		{1475EE65-B71D-4517-8AA5-8B8AA43DB741}.Release|Any CPU.Build.0 = Release|Any CPU
		{1475EE65-B71D-4517-8AA5-8B8AA43DB741}.Release|x64.ActiveCfg = Release|x64
		{1475EE65-B71D-4517-8AA5-8B8AA43DB741}.Release|x64.Build.0 = Release|x64
		{1475EE65-B71D-4517-8AA5-8B8AA43DB741}.Release|x86.ActiveCfg = Release|x86
		{1475EE65-B71D-4517-8AA5-8B8AA43DB741}.Release|x86.Build.0 = Release|x86
		{B0F54642-B4F3-43C3-9695-BB3A358DBA28}.Debug|Any CPU.ActiveCfg = Debug|Any CPU
		{B0F54642-B4F3-43C3-9695-BB3A358DBA28}.Debug|Any CPU.Build.0 = Debug|Any CPU
		{B0F54642-B4F3-43C3-9695-BB3A358DBA28}.Debug|x64.ActiveCfg = Debug|x64
		{B0F54642-B4F3-43C3-9695-BB3A358DBA28}.Debug|x64.Build.0 = Debug|x64
		{B0F54642-B4F3-43C3-9695-BB3A358DBA28}.Debug|x86.ActiveCfg = Debug|x86
		{B0F54642-B4F3-43C3-9695-BB3A358DBA28}.Debug|x86.Build.0 = Debug|x86
		{B0F54642-B4F3-43C3-9695-BB3A358DBA28}.Release|Any CPU.ActiveCfg = Release|Any CPU
		{B0F54642-B4F3-43C3-9695-BB3A358DBA28}.Release|Any CPU.Build.0 = Release|Any CPU
		{B0F54642-B4F3-43C3-9695-BB3A358DBA28}.Release|x64.ActiveCfg = Release|x64
		{B0F54642-B4F3-43C3-9695-BB3A358DBA28}.Release|x64.Build.0 = Release|x64
		{B0F54642-B4F3-43C3-9695-BB3A358DBA28}.Release|x86.ActiveCfg = Release|x86
		{B0F54642-B4F3-43C3-9695-BB3A358DBA28}.Release|x86.Build.0 = Release|x86
		{15ADEFCB-D775-446C-A2F5-FC3ECE1D8ED4}.Debug|Any CPU.ActiveCfg = Debug|Any CPU
		{15ADEFCB-D775-446C-A2F5-FC3ECE1D8ED4}.Debug|Any CPU.Build.0 = Debug|Any CPU
		{15ADEFCB-D775-446C-A2F5-FC3ECE1D8ED4}.Debug|x64.ActiveCfg = Debug|x64
		{15ADEFCB-D775-446C-A2F5-FC3ECE1D8ED4}.Debug|x64.Build.0 = Debug|x64
		{15ADEFCB-D775-446C-A2F5-FC3ECE1D8ED4}.Debug|x86.ActiveCfg = Debug|x86
		{15ADEFCB-D775-446C-A2F5-FC3ECE1D8ED4}.Debug|x86.Build.0 = Debug|x86
		{15ADEFCB-D775-446C-A2F5-FC3ECE1D8ED4}.Release|Any CPU.ActiveCfg = Release|Any CPU
		{15ADEFCB-D775-446C-A2F5-FC3ECE1D8ED4}.Release|Any CPU.Build.0 = Release|Any CPU
		{15ADEFCB-D775-446C-A2F5-FC3ECE1D8ED4}.Release|x64.ActiveCfg = Release|x64
		{15ADEFCB-D775-446C-A2F5-FC3ECE1D8ED4}.Release|x64.Build.0 = Release|x64
		{15ADEFCB-D775-446C-A2F5-FC3ECE1D8ED4}.Release|x86.ActiveCfg = Release|x86
		{15ADEFCB-D775-446C-A2F5-FC3ECE1D8ED4}.Release|x86.Build.0 = Release|x86
		{6619CE61-92BB-495A-8A89-BCBD13248251}.Debug|Any CPU.ActiveCfg = Debug|Any CPU
		{6619CE61-92BB-495A-8A89-BCBD13248251}.Debug|Any CPU.Build.0 = Debug|Any CPU
		{6619CE61-92BB-495A-8A89-BCBD13248251}.Debug|x64.ActiveCfg = Debug|x64
		{6619CE61-92BB-495A-8A89-BCBD13248251}.Debug|x64.Build.0 = Debug|x64
		{6619CE61-92BB-495A-8A89-BCBD13248251}.Debug|x86.ActiveCfg = Debug|x86
		{6619CE61-92BB-495A-8A89-BCBD13248251}.Debug|x86.Build.0 = Debug|x86
		{6619CE61-92BB-495A-8A89-BCBD13248251}.Release|Any CPU.ActiveCfg = Release|Any CPU
		{6619CE61-92BB-495A-8A89-BCBD13248251}.Release|Any CPU.Build.0 = Release|Any CPU
		{6619CE61-92BB-495A-8A89-BCBD13248251}.Release|x64.ActiveCfg = Release|x64
		{6619CE61-92BB-495A-8A89-BCBD13248251}.Release|x64.Build.0 = Release|x64
		{6619CE61-92BB-495A-8A89-BCBD13248251}.Release|x86.ActiveCfg = Release|x86
		{6619CE61-92BB-495A-8A89-BCBD13248251}.Release|x86.Build.0 = Release|x86
	EndGlobalSection
	GlobalSection(NestedProjects) = preSolution
		{CCABD149-0B3E-46C9-B26E-76018A08D8A8} = {3A3ED3EE-4685-448C-86CC-51A35CD2400D}
		{197A564A-81DE-4CAF-9E42-FD72317576DD} = {507FFE44-5D24-48B9-9ECC-868075CC625D}
		{1475EE65-B71D-4517-8AA5-8B8AA43DB741} = {3A3ED3EE-4685-448C-86CC-51A35CD2400D}
		{B0F54642-B4F3-43C3-9695-BB3A358DBA28} = {3A3ED3EE-4685-448C-86CC-51A35CD2400D}
		{15ADEFCB-D775-446C-A2F5-FC3ECE1D8ED4} = {3A3ED3EE-4685-448C-86CC-51A35CD2400D}
		{6619CE61-92BB-495A-8A89-BCBD13248251} = {507FFE44-5D24-48B9-9ECC-868075CC625D}
	EndGlobalSection
EndGlobal
